PODS:
  - FBSnapshotTestCase (2.1.4):
    - FBSnapshotTestCase/SwiftSupport (= 2.1.4)
  - FBSnapshotTestCase/Core (2.1.4)
  - FBSnapshotTestCase/SwiftSupport (2.1.4):
    - FBSnapshotTestCase/Core
  - LGDNetworking (0.1.0)

DEPENDENCIES:
  - FBSnapshotTestCase
  - LGDNetworking (from `../`)

SPEC REPOS:
  trunk:
    - FBSnapshotTestCase

EXTERNAL SOURCES:
  LGDNetworking:
    :path: "../"

SPEC CHECKSUMS:
  FBSnapshotTestCase: 094f9f314decbabe373b87cc339bea235a63e07a
  LGDNetworking: 11c1f37efbace4f6ec6a9396417085e058c8b709

PODFILE CHECKSUM: df985430ce754b9c801cd725db08335efe5d6af5

COCOAPODS: 1.9.3
